
Microsoft Visual Studio Solution File, Format Version 12.00
# Visual Studio Version 17
VisualStudioVersion = 17.5.33516.290
MinimumVisualStudioVersion = 10.0.40219.1
Project("{FAE04EC0-301F-11D3-BF4B-00C04F79EFBC}") = "Course", "Course\Course.csproj", "{41A9256F-9E38-44CA-9E36-FABEF41BFAF0}"
EndProject
Global
	GlobalSection(SolutionConfigurationPlatforms) = preSolution
		Debug|Any CPU = Debug|Any CPU
		Release|Any CPU = Release|Any CPU
	EndGlobalSection
	GlobalSection(ProjectConfigurationPlatforms) = postSolution
		{41A9256F-9E38-44CA-9E36-FABEF41BFAF0}.Debug|Any CPU.ActiveCfg = Debug|Any CPU
		{41A9256F-9E38-44CA-9E36-FABEF41BFAF0}.Debug|Any CPU.Build.0 = Debug|Any CPU
		{41A9256F-9E38-44CA-9E36-FABEF41BFAF0}.Release|Any CPU.ActiveCfg = Release|Any CPU
		{41A9256F-9E38-44CA-9E36-FABEF41BFAF0}.Release|Any CPU.Build.0 = Release|Any CPU
	EndGlobalSection
	GlobalSection(SolutionProperties) = preSolution
		HideSolutionNode = FALSE
	EndGlobalSection
	GlobalSection(ExtensibilityGlobals) = postSolution
		SolutionGuid = {D202C9E9-715E-406D-A688-A60367C75867}
	EndGlobalSection
EndGlobal
